
Microsoft Visual Studio Solution File, Format Version 12.00
# Visual Studio Version 16
VisualStudioVersion = 16.0.30804.86
MinimumVisualStudioVersion = 10.0.40219.1
Project("{FAE04EC0-301F-11D3-BF4B-00C04F79EFBC}") = "Shopping.Client", "Shopping.Client\Shopping.Client.csproj", "{93B968FA-8E50-4647-9B39-B7FD87BCF232}"
EndProject
Global
	GlobalSection(SolutionConfigurationPlatforms) = preSolution
		Debug|Any CPU = Debug|Any CPU
		Release|Any CPU = Release|Any CPU
	EndGlobalSection
	GlobalSection(ProjectConfigurationPlatforms) = postSolution
		{93B968FA-8E50-4647-9B39-B7FD87BCF232}.Debug|Any CPU.ActiveCfg = Debug|Any CPU
		{93B968FA-8E50-4647-9B39-B7FD87BCF232}.Debug|Any CPU.Build.0 = Debug|Any CPU
		{93B968FA-8E50-4647-9B39-B7FD87BCF232}.Release|Any CPU.ActiveCfg = Release|Any CPU
		{93B968FA-8E50-4647-9B39-B7FD87BCF232}.Release|Any CPU.Build.0 = Release|Any CPU
	EndGlobalSection
	GlobalSection(SolutionProperties) = preSolution
		HideSolutionNode = FALSE
	EndGlobalSection
	GlobalSection(ExtensibilityGlobals) = postSolution
		SolutionGuid = {2CC76CA9-9647-4351-9543-5DBF250FC2DF}
	EndGlobalSection
EndGlobal
